
Microsoft Visual Studio Solution File, Format Version 12.00
# Visual Studio 14
VisualStudioVersion = 14.0.25420.1
MinimumVisualStudioVersion = 10.0.40219.1
Project("{FAE04EC0-301F-11D3-BF4B-00C04F79EFBC}") = "CodeWars", "CodeWars\CodeWars.csproj", "{86061BA7-AE61-459E-B354-11FC29301EB3}"
EndProject
Project("{FAE04EC0-301F-11D3-BF4B-00C04F79EFBC}") = "CodeWarsUT", "CodeWarsUT\CodeWarsUT.csproj", "{5E756F74-1036-4ABD-8AC8-14DC2F6ABF68}"
EndProject
Global
	GlobalSection(SolutionConfigurationPlatforms) = preSolution
		Debug|Any CPU = Debug|Any CPU
		Release|Any CPU = Release|Any CPU
	EndGlobalSection
	GlobalSection(ProjectConfigurationPlatforms) = postSolution
		{86061BA7-AE61-459E-B354-11FC29301EB3}.Debug|Any CPU.ActiveCfg = Debug|Any CPU
		{86061BA7-AE61-459E-B354-11FC29301EB3}.Debug|Any CPU.Build.0 = Debug|Any CPU
		{86061BA7-AE61-459E-B354-11FC29301EB3}.Release|Any CPU.ActiveCfg = Release|Any CPU
		{86061BA7-AE61-459E-B354-11FC29301EB3}.Release|Any CPU.Build.0 = Release|Any CPU
		{5E756F74-1036-4ABD-8AC8-14DC2F6ABF68}.Debug|Any CPU.ActiveCfg = Debug|Any CPU
		{5E756F74-1036-4ABD-8AC8-14DC2F6ABF68}.Debug|Any CPU.Build.0 = Debug|Any CPU
		{5E756F74-1036-4ABD-8AC8-14DC2F6ABF68}.Release|Any CPU.ActiveCfg = Release|Any CPU
		{5E756F74-1036-4ABD-8AC8-14DC2F6ABF68}.Release|Any CPU.Build.0 = Release|Any CPU
	EndGlobalSection
	GlobalSection(SolutionProperties) = preSolution
		HideSolutionNode = FALSE
	EndGlobalSection
	GlobalSection(TeamFoundationVersionControl) = preSolution
		SccNumberOfProjects = 3
		SccEnterpriseProvider = {4CA58AB2-18FA-4F8D-95D4-32DDF27D184C}
		SccTeamFoundationServer = https://apcos.visualstudio.com/
		SccLocalPath0 = .
		SccProjectUniqueName1 = CodeWars\\CodeWars.csproj
		SccProjectName1 = CodeWars
		SccLocalPath1 = CodeWars
		SccProjectUniqueName2 = CodeWarsUT\\CodeWarsUT.csproj
		SccProjectName2 = CodeWarsUT
		SccLocalPath2 = CodeWarsUT
	EndGlobalSection
EndGlobal
